
Microsoft Visual Studio Solution File, Format Version 12.00
# Visual Studio Version 17
VisualStudioVersion = 17.4.33205.214
MinimumVisualStudioVersion = 10.0.40219.1
Project("{9A19103F-16F7-4668-BE54-9A1E7A4F7556}") = "VaporStore", "VaporStore\VaporStore.csproj", "{F58E89C1-489E-418B-9E01-2657C87B2768}"
EndProject
Global
	GlobalSection(SolutionConfigurationPlatforms) = preSolution
		Debug|Any CPU = Debug|Any CPU
		Release|Any CPU = Release|Any CPU
	EndGlobalSection
	GlobalSection(ProjectConfigurationPlatforms) = postSolution
		{F58E89C1-489E-418B-9E01-2657C87B2768}.Debug|Any CPU.ActiveCfg = Debug|Any CPU
		{F58E89C1-489E-418B-9E01-2657C87B2768}.Debug|Any CPU.Build.0 = Debug|Any CPU
		{F58E89C1-489E-418B-9E01-2657C87B2768}.Release|Any CPU.ActiveCfg = Release|Any CPU
		{F58E89C1-489E-418B-9E01-2657C87B2768}.Release|Any CPU.Build.0 = Release|Any CPU
	EndGlobalSection
	GlobalSection(SolutionProperties) = preSolution
		HideSolutionNode = FALSE
	EndGlobalSection
	GlobalSection(ExtensibilityGlobals) = postSolution
		SolutionGuid = {2BDBF200-20BA-4BBD-B510-CEA9637A6A17}
	EndGlobalSection
EndGlobal
