
Microsoft Visual Studio Solution File, Format Version 12.00
# Visual Studio Version 17
VisualStudioVersion = 17.1.32421.90
MinimumVisualStudioVersion = 10.0.40219.1
Project("{FAE04EC0-301F-11D3-BF4B-00C04F79EFBC}") = "01. Guinea Pig", "01. Guinea Pig\01. Guinea Pig.csproj", "{B7138225-F371-4487-9781-2A56CA50CD03}"
EndProject
Project("{FAE04EC0-301F-11D3-BF4B-00C04F79EFBC}") = "02. The Lift", "02. The Lift\02. The Lift.csproj", "{906B3CD6-69A5-45E1-BCEA-287DD62E5E6E}"
EndProject
Project("{FAE04EC0-301F-11D3-BF4B-00C04F79EFBC}") = "03. Moving Target", "03. Moving Target\03. Moving Target.csproj", "{10454D0A-E258-43E4-9C20-E5376AA4BC02}"
EndProject
Global
	GlobalSection(SolutionConfigurationPlatforms) = preSolution
		Debug|Any CPU = Debug|Any CPU
		Release|Any CPU = Release|Any CPU
	EndGlobalSection
	GlobalSection(ProjectConfigurationPlatforms) = postSolution
		{B7138225-F371-4487-9781-2A56CA50CD03}.Debug|Any CPU.ActiveCfg = Debug|Any CPU
		{B7138225-F371-4487-9781-2A56CA50CD03}.Debug|Any CPU.Build.0 = Debug|Any CPU
		{B7138225-F371-4487-9781-2A56CA50CD03}.Release|Any CPU.ActiveCfg = Release|Any CPU
		{B7138225-F371-4487-9781-2A56CA50CD03}.Release|Any CPU.Build.0 = Release|Any CPU
		{906B3CD6-69A5-45E1-BCEA-287DD62E5E6E}.Debug|Any CPU.ActiveCfg = Debug|Any CPU
		{906B3CD6-69A5-45E1-BCEA-287DD62E5E6E}.Debug|Any CPU.Build.0 = Debug|Any CPU
		{906B3CD6-69A5-45E1-BCEA-287DD62E5E6E}.Release|Any CPU.ActiveCfg = Release|Any CPU
		{906B3CD6-69A5-45E1-BCEA-287DD62E5E6E}.Release|Any CPU.Build.0 = Release|Any CPU
		{10454D0A-E258-43E4-9C20-E5376AA4BC02}.Debug|Any CPU.ActiveCfg = Debug|Any CPU
		{10454D0A-E258-43E4-9C20-E5376AA4BC02}.Debug|Any CPU.Build.0 = Debug|Any CPU
		{10454D0A-E258-43E4-9C20-E5376AA4BC02}.Release|Any CPU.ActiveCfg = Release|Any CPU
		{10454D0A-E258-43E4-9C20-E5376AA4BC02}.Release|Any CPU.Build.0 = Release|Any CPU
	EndGlobalSection
	GlobalSection(SolutionProperties) = preSolution
		HideSolutionNode = FALSE
	EndGlobalSection
	GlobalSection(ExtensibilityGlobals) = postSolution
		SolutionGuid = {E5BDCDB1-C968-4063-9225-8484277F91C1}
	EndGlobalSection
EndGlobal
