
Microsoft Visual Studio Solution File, Format Version 12.00
# Visual Studio Version 17
VisualStudioVersion = 17.1.32421.90
MinimumVisualStudioVersion = 10.0.40219.1
Project("{9A19103F-16F7-4668-BE54-9A1E7A4F7556}") = "ComputerArchitecture", "ComputerArchitecture.csproj", "{B89F8EB3-2B80-4A92-BBB6-FFF16186DD48}"
EndProject
Global
	GlobalSection(SolutionConfigurationPlatforms) = preSolution
		Debug|Any CPU = Debug|Any CPU
		Release|Any CPU = Release|Any CPU
	EndGlobalSection
	GlobalSection(ProjectConfigurationPlatforms) = postSolution
		{B89F8EB3-2B80-4A92-BBB6-FFF16186DD48}.Debug|Any CPU.ActiveCfg = Debug|Any CPU
		{B89F8EB3-2B80-4A92-BBB6-FFF16186DD48}.Debug|Any CPU.Build.0 = Debug|Any CPU
		{B89F8EB3-2B80-4A92-BBB6-FFF16186DD48}.Release|Any CPU.ActiveCfg = Release|Any CPU
		{B89F8EB3-2B80-4A92-BBB6-FFF16186DD48}.Release|Any CPU.Build.0 = Release|Any CPU
	EndGlobalSection
	GlobalSection(SolutionProperties) = preSolution
		HideSolutionNode = FALSE
	EndGlobalSection
	GlobalSection(ExtensibilityGlobals) = postSolution
		SolutionGuid = {0C7B43D4-B5A7-4DE0-B325-A561174162CE}
	EndGlobalSection
EndGlobal
