
Microsoft Visual Studio Solution File, Format Version 12.00
# Visual Studio Version 17
VisualStudioVersion = 17.1.32421.90
MinimumVisualStudioVersion = 10.0.40219.1
Project("{9A19103F-16F7-4668-BE54-9A1E7A4F7556}") = "SoftUniParking", "SoftUniParking.csproj", "{CDD0B5EB-C1D2-4850-94CB-6ACDC733E096}"
EndProject
Global
	GlobalSection(SolutionConfigurationPlatforms) = preSolution
		Debug|Any CPU = Debug|Any CPU
		Release|Any CPU = Release|Any CPU
	EndGlobalSection
	GlobalSection(ProjectConfigurationPlatforms) = postSolution
		{CDD0B5EB-C1D2-4850-94CB-6ACDC733E096}.Debug|Any CPU.ActiveCfg = Debug|Any CPU
		{CDD0B5EB-C1D2-4850-94CB-6ACDC733E096}.Debug|Any CPU.Build.0 = Debug|Any CPU
		{CDD0B5EB-C1D2-4850-94CB-6ACDC733E096}.Release|Any CPU.ActiveCfg = Release|Any CPU
		{CDD0B5EB-C1D2-4850-94CB-6ACDC733E096}.Release|Any CPU.Build.0 = Release|Any CPU
	EndGlobalSection
	GlobalSection(SolutionProperties) = preSolution
		HideSolutionNode = FALSE
	EndGlobalSection
	GlobalSection(ExtensibilityGlobals) = postSolution
		SolutionGuid = {E1073F7E-4825-46A8-8F49-8F79BC12601B}
	EndGlobalSection
EndGlobal
