
Microsoft Visual Studio Solution File, Format Version 12.00
# Visual Studio Version 17
VisualStudioVersion = 17.7.34009.444
MinimumVisualStudioVersion = 10.0.40219.1
Project("{FAE04EC0-301F-11D3-BF4B-00C04F79EFBC}") = "TextSplitterApp", "TextSplitterApp\TextSplitterApp.csproj", "{5950538D-40BE-44F6-A585-AE171450DB56}"
EndProject
Global
	GlobalSection(SolutionConfigurationPlatforms) = preSolution
		Debug|Any CPU = Debug|Any CPU
		Release|Any CPU = Release|Any CPU
	EndGlobalSection
	GlobalSection(ProjectConfigurationPlatforms) = postSolution
		{5950538D-40BE-44F6-A585-AE171450DB56}.Debug|Any CPU.ActiveCfg = Debug|Any CPU
		{5950538D-40BE-44F6-A585-AE171450DB56}.Debug|Any CPU.Build.0 = Debug|Any CPU
		{5950538D-40BE-44F6-A585-AE171450DB56}.Release|Any CPU.ActiveCfg = Release|Any CPU
		{5950538D-40BE-44F6-A585-AE171450DB56}.Release|Any CPU.Build.0 = Release|Any CPU
	EndGlobalSection
	GlobalSection(SolutionProperties) = preSolution
		HideSolutionNode = FALSE
	EndGlobalSection
	GlobalSection(ExtensibilityGlobals) = postSolution
		SolutionGuid = {1E0BAEEB-E863-478E-8718-11CD02674A6C}
	EndGlobalSection
EndGlobal
