
Microsoft Visual Studio Solution File, Format Version 12.00
# Visual Studio Version 17
VisualStudioVersion = 17.4.33205.214
MinimumVisualStudioVersion = 10.0.40219.1
Project("{FAE04EC0-301F-11D3-BF4B-00C04F79EFBC}") = "Theatre", "Theatre\Theatre.csproj", "{54FC381F-C040-443B-B516-BFCD6A977757}"
EndProject
Global
	GlobalSection(SolutionConfigurationPlatforms) = preSolution
		Debug|Any CPU = Debug|Any CPU
		Release|Any CPU = Release|Any CPU
	EndGlobalSection
	GlobalSection(ProjectConfigurationPlatforms) = postSolution
		{54FC381F-C040-443B-B516-BFCD6A977757}.Debug|Any CPU.ActiveCfg = Debug|Any CPU
		{54FC381F-C040-443B-B516-BFCD6A977757}.Debug|Any CPU.Build.0 = Debug|Any CPU
		{54FC381F-C040-443B-B516-BFCD6A977757}.Release|Any CPU.ActiveCfg = Release|Any CPU
		{54FC381F-C040-443B-B516-BFCD6A977757}.Release|Any CPU.Build.0 = Release|Any CPU
	EndGlobalSection
	GlobalSection(SolutionProperties) = preSolution
		HideSolutionNode = FALSE
	EndGlobalSection
	GlobalSection(ExtensibilityGlobals) = postSolution
		SolutionGuid = {1108F753-0540-4237-A88F-D91C106C6A16}
	EndGlobalSection
EndGlobal
