
Microsoft Visual Studio Solution File, Format Version 12.00
# Visual Studio Version 17
VisualStudioVersion = 17.7.34221.43
MinimumVisualStudioVersion = 10.0.40219.1
Project("{FAE04EC0-301F-11D3-BF4B-00C04F79EFBC}") = "SeminarHub", "SeminarHub\SeminarHub.csproj", "{51CE381E-32A2-4CCD-98B3-8BDD8F8C98CE}"
EndProject
Global
	GlobalSection(SolutionConfigurationPlatforms) = preSolution
		Debug|Any CPU = Debug|Any CPU
		Release|Any CPU = Release|Any CPU
	EndGlobalSection
	GlobalSection(ProjectConfigurationPlatforms) = postSolution
		{51CE381E-32A2-4CCD-98B3-8BDD8F8C98CE}.Debug|Any CPU.ActiveCfg = Debug|Any CPU
		{51CE381E-32A2-4CCD-98B3-8BDD8F8C98CE}.Debug|Any CPU.Build.0 = Debug|Any CPU
		{51CE381E-32A2-4CCD-98B3-8BDD8F8C98CE}.Release|Any CPU.ActiveCfg = Release|Any CPU
		{51CE381E-32A2-4CCD-98B3-8BDD8F8C98CE}.Release|Any CPU.Build.0 = Release|Any CPU
	EndGlobalSection
	GlobalSection(SolutionProperties) = preSolution
		HideSolutionNode = FALSE
	EndGlobalSection
	GlobalSection(ExtensibilityGlobals) = postSolution
		SolutionGuid = {5E2A04B5-273F-40A6-B0AA-6E16D105B8A2}
	EndGlobalSection
EndGlobal
