
Microsoft Visual Studio Solution File, Format Version 12.00
# Visual Studio Version 17
VisualStudioVersion = 17.4.33205.214
MinimumVisualStudioVersion = 10.0.40219.1
Project("{FAE04EC0-301F-11D3-BF4B-00C04F79EFBC}") = "TeisterMask", "TeisterMask\TeisterMask.csproj", "{BED990A7-EDE5-4167-8082-C34D891A25BA}"
EndProject
Global
	GlobalSection(SolutionConfigurationPlatforms) = preSolution
		Debug|Any CPU = Debug|Any CPU
		Release|Any CPU = Release|Any CPU
	EndGlobalSection
	GlobalSection(ProjectConfigurationPlatforms) = postSolution
		{BED990A7-EDE5-4167-8082-C34D891A25BA}.Debug|Any CPU.ActiveCfg = Debug|Any CPU
		{BED990A7-EDE5-4167-8082-C34D891A25BA}.Debug|Any CPU.Build.0 = Debug|Any CPU
		{BED990A7-EDE5-4167-8082-C34D891A25BA}.Release|Any CPU.ActiveCfg = Release|Any CPU
		{BED990A7-EDE5-4167-8082-C34D891A25BA}.Release|Any CPU.Build.0 = Release|Any CPU
	EndGlobalSection
	GlobalSection(SolutionProperties) = preSolution
		HideSolutionNode = FALSE
	EndGlobalSection
	GlobalSection(ExtensibilityGlobals) = postSolution
		SolutionGuid = {EA4B825A-46CA-46E1-B6CB-329BE1FFEB0C}
	EndGlobalSection
EndGlobal
