
Microsoft Visual Studio Solution File, Format Version 12.00
# Visual Studio Version 16
VisualStudioVersion = 16.0.32002.261
MinimumVisualStudioVersion = 10.0.40219.1
Project("{9A19103F-16F7-4668-BE54-9A1E7A4F7556}") = "Zoo", "Zoo\Zoo.csproj", "{492F5104-6338-4021-8F06-39F740073A6B}"
EndProject
Global
	GlobalSection(SolutionConfigurationPlatforms) = preSolution
		Debug|Any CPU = Debug|Any CPU
		Release|Any CPU = Release|Any CPU
	EndGlobalSection
	GlobalSection(ProjectConfigurationPlatforms) = postSolution
		{492F5104-6338-4021-8F06-39F740073A6B}.Debug|Any CPU.ActiveCfg = Debug|Any CPU
		{492F5104-6338-4021-8F06-39F740073A6B}.Debug|Any CPU.Build.0 = Debug|Any CPU
		{492F5104-6338-4021-8F06-39F740073A6B}.Release|Any CPU.ActiveCfg = Release|Any CPU
		{492F5104-6338-4021-8F06-39F740073A6B}.Release|Any CPU.Build.0 = Release|Any CPU
	EndGlobalSection
	GlobalSection(SolutionProperties) = preSolution
		HideSolutionNode = FALSE
	EndGlobalSection
	GlobalSection(ExtensibilityGlobals) = postSolution
		SolutionGuid = {6D3E7A59-A2AD-4443-91DF-33669C8C5BDB}
	EndGlobalSection
EndGlobal
