
Microsoft Visual Studio Solution File, Format Version 12.00
# Visual Studio Version 17
VisualStudioVersion = 17.7.34202.233
MinimumVisualStudioVersion = 10.0.40219.1
Project("{FAE04EC0-301F-11D3-BF4B-00C04F79EFBC}") = "HouseRentingSystem", "HouseRentingSystem\HouseRentingSystem.csproj", "{E5B37F67-C69F-47EA-A82F-3A32EFE5BC5A}"
EndProject
Project("{FAE04EC0-301F-11D3-BF4B-00C04F79EFBC}") = "HouseRentingSystem.Common", "HouseRentingSystem.Common\HouseRentingSystem.Common.csproj", "{021B8597-9213-4255-A804-4AB624DBF185}"
EndProject
Global
	GlobalSection(SolutionConfigurationPlatforms) = preSolution
		Debug|Any CPU = Debug|Any CPU
		Release|Any CPU = Release|Any CPU
	EndGlobalSection
	GlobalSection(ProjectConfigurationPlatforms) = postSolution
		{E5B37F67-C69F-47EA-A82F-3A32EFE5BC5A}.Debug|Any CPU.ActiveCfg = Debug|Any CPU
		{E5B37F67-C69F-47EA-A82F-3A32EFE5BC5A}.Debug|Any CPU.Build.0 = Debug|Any CPU
		{E5B37F67-C69F-47EA-A82F-3A32EFE5BC5A}.Release|Any CPU.ActiveCfg = Release|Any CPU
		{E5B37F67-C69F-47EA-A82F-3A32EFE5BC5A}.Release|Any CPU.Build.0 = Release|Any CPU
		{021B8597-9213-4255-A804-4AB624DBF185}.Debug|Any CPU.ActiveCfg = Debug|Any CPU
		{021B8597-9213-4255-A804-4AB624DBF185}.Debug|Any CPU.Build.0 = Debug|Any CPU
		{021B8597-9213-4255-A804-4AB624DBF185}.Release|Any CPU.ActiveCfg = Release|Any CPU
		{021B8597-9213-4255-A804-4AB624DBF185}.Release|Any CPU.Build.0 = Release|Any CPU
	EndGlobalSection
	GlobalSection(SolutionProperties) = preSolution
		HideSolutionNode = FALSE
	EndGlobalSection
	GlobalSection(ExtensibilityGlobals) = postSolution
		SolutionGuid = {02E26821-1CE4-425C-8AD3-073C3C78077B}
	EndGlobalSection
EndGlobal
