
Microsoft Visual Studio Solution File, Format Version 12.00
# Visual Studio Version 17
VisualStudioVersion = 17.1.32421.90
MinimumVisualStudioVersion = 10.0.40219.1
Project("{9A19103F-16F7-4668-BE54-9A1E7A4F7556}") = "01. Computer Store", "01. Computer Store\01. Computer Store.csproj", "{05F14DAB-490F-487F-8461-76251FF71C4C}"
EndProject
Project("{FAE04EC0-301F-11D3-BF4B-00C04F79EFBC}") = "02. The Lift", "02. The Lift\02. The Lift.csproj", "{FAEB246F-3B8D-4D6C-B101-6C1911A7122C}"
EndProject
Project("{FAE04EC0-301F-11D3-BF4B-00C04F79EFBC}") = "03. Memory Game", "03. Memory Game\03. Memory Game.csproj", "{90C3C8F0-0E58-406C-8A97-AF89966D1CA9}"
EndProject
Global
	GlobalSection(SolutionConfigurationPlatforms) = preSolution
		Debug|Any CPU = Debug|Any CPU
		Release|Any CPU = Release|Any CPU
	EndGlobalSection
	GlobalSection(ProjectConfigurationPlatforms) = postSolution
		{05F14DAB-490F-487F-8461-76251FF71C4C}.Debug|Any CPU.ActiveCfg = Debug|Any CPU
		{05F14DAB-490F-487F-8461-76251FF71C4C}.Debug|Any CPU.Build.0 = Debug|Any CPU
		{05F14DAB-490F-487F-8461-76251FF71C4C}.Release|Any CPU.ActiveCfg = Release|Any CPU
		{05F14DAB-490F-487F-8461-76251FF71C4C}.Release|Any CPU.Build.0 = Release|Any CPU
		{FAEB246F-3B8D-4D6C-B101-6C1911A7122C}.Debug|Any CPU.ActiveCfg = Debug|Any CPU
		{FAEB246F-3B8D-4D6C-B101-6C1911A7122C}.Debug|Any CPU.Build.0 = Debug|Any CPU
		{FAEB246F-3B8D-4D6C-B101-6C1911A7122C}.Release|Any CPU.ActiveCfg = Release|Any CPU
		{FAEB246F-3B8D-4D6C-B101-6C1911A7122C}.Release|Any CPU.Build.0 = Release|Any CPU
		{90C3C8F0-0E58-406C-8A97-AF89966D1CA9}.Debug|Any CPU.ActiveCfg = Debug|Any CPU
		{90C3C8F0-0E58-406C-8A97-AF89966D1CA9}.Debug|Any CPU.Build.0 = Debug|Any CPU
		{90C3C8F0-0E58-406C-8A97-AF89966D1CA9}.Release|Any CPU.ActiveCfg = Release|Any CPU
		{90C3C8F0-0E58-406C-8A97-AF89966D1CA9}.Release|Any CPU.Build.0 = Release|Any CPU
	EndGlobalSection
	GlobalSection(SolutionProperties) = preSolution
		HideSolutionNode = FALSE
	EndGlobalSection
	GlobalSection(ExtensibilityGlobals) = postSolution
		SolutionGuid = {974087EA-63ED-4A49-A8A7-BB4814AABC8F}
	EndGlobalSection
EndGlobal
