
Microsoft Visual Studio Solution File, Format Version 12.00
# Visual Studio Version 17
VisualStudioVersion = 17.1.32421.90
MinimumVisualStudioVersion = 10.0.40219.1
Project("{FAE04EC0-301F-11D3-BF4B-00C04F79EFBC}") = "01. SoftUni Reception", "01. SoftUni Reception\01. SoftUni Reception.csproj", "{51D6027B-2F02-416B-B860-557198872585}"
EndProject
Project("{FAE04EC0-301F-11D3-BF4B-00C04F79EFBC}") = "02. Array Modifier", "02. Array Modifier\02. Array Modifier.csproj", "{837D546A-24C9-40E5-BB09-876B97830D25}"
EndProject
Project("{FAE04EC0-301F-11D3-BF4B-00C04F79EFBC}") = "03. Numbers", "03. Numbers\03. Numbers.csproj", "{3C4CF844-C6A4-48CD-B965-228DB4DB713C}"
EndProject
Global
	GlobalSection(SolutionConfigurationPlatforms) = preSolution
		Debug|Any CPU = Debug|Any CPU
		Release|Any CPU = Release|Any CPU
	EndGlobalSection
	GlobalSection(ProjectConfigurationPlatforms) = postSolution
		{51D6027B-2F02-416B-B860-557198872585}.Debug|Any CPU.ActiveCfg = Debug|Any CPU
		{51D6027B-2F02-416B-B860-557198872585}.Debug|Any CPU.Build.0 = Debug|Any CPU
		{51D6027B-2F02-416B-B860-557198872585}.Release|Any CPU.ActiveCfg = Release|Any CPU
		{51D6027B-2F02-416B-B860-557198872585}.Release|Any CPU.Build.0 = Release|Any CPU
		{837D546A-24C9-40E5-BB09-876B97830D25}.Debug|Any CPU.ActiveCfg = Debug|Any CPU
		{837D546A-24C9-40E5-BB09-876B97830D25}.Debug|Any CPU.Build.0 = Debug|Any CPU
		{837D546A-24C9-40E5-BB09-876B97830D25}.Release|Any CPU.ActiveCfg = Release|Any CPU
		{837D546A-24C9-40E5-BB09-876B97830D25}.Release|Any CPU.Build.0 = Release|Any CPU
		{3C4CF844-C6A4-48CD-B965-228DB4DB713C}.Debug|Any CPU.ActiveCfg = Debug|Any CPU
		{3C4CF844-C6A4-48CD-B965-228DB4DB713C}.Debug|Any CPU.Build.0 = Debug|Any CPU
		{3C4CF844-C6A4-48CD-B965-228DB4DB713C}.Release|Any CPU.ActiveCfg = Release|Any CPU
		{3C4CF844-C6A4-48CD-B965-228DB4DB713C}.Release|Any CPU.Build.0 = Release|Any CPU
	EndGlobalSection
	GlobalSection(SolutionProperties) = preSolution
		HideSolutionNode = FALSE
	EndGlobalSection
	GlobalSection(ExtensibilityGlobals) = postSolution
		SolutionGuid = {ACA40142-D249-459A-A22E-41D6A6343EF1}
	EndGlobalSection
EndGlobal
