
Microsoft Visual Studio Solution File, Format Version 12.00
# Visual Studio Version 17
VisualStudioVersion = 17.7.34031.279
MinimumVisualStudioVersion = 10.0.40219.1
Project("{FAE04EC0-301F-11D3-BF4B-00C04F79EFBC}") = "ServiceLifetimeMVC", "ServiceLifetimeMVC\ServiceLifetimeMVC.csproj", "{B04A4F22-2E6E-4DE2-A73F-B896D5625111}"
EndProject
Global
	GlobalSection(SolutionConfigurationPlatforms) = preSolution
		Debug|Any CPU = Debug|Any CPU
		Release|Any CPU = Release|Any CPU
	EndGlobalSection
	GlobalSection(ProjectConfigurationPlatforms) = postSolution
		{B04A4F22-2E6E-4DE2-A73F-B896D5625111}.Debug|Any CPU.ActiveCfg = Debug|Any CPU
		{B04A4F22-2E6E-4DE2-A73F-B896D5625111}.Debug|Any CPU.Build.0 = Debug|Any CPU
		{B04A4F22-2E6E-4DE2-A73F-B896D5625111}.Release|Any CPU.ActiveCfg = Release|Any CPU
		{B04A4F22-2E6E-4DE2-A73F-B896D5625111}.Release|Any CPU.Build.0 = Release|Any CPU
	EndGlobalSection
	GlobalSection(SolutionProperties) = preSolution
		HideSolutionNode = FALSE
	EndGlobalSection
	GlobalSection(ExtensibilityGlobals) = postSolution
		SolutionGuid = {64BCCD5D-B81E-43DA-A411-220D6464D7DC}
	EndGlobalSection
EndGlobal
