
Microsoft Visual Studio Solution File, Format Version 12.00
# Visual Studio Version 16
VisualStudioVersion = 16.0.31729.503
MinimumVisualStudioVersion = 10.0.40219.1
Project("{FAE04EC0-301F-11D3-BF4B-00C04F79EFBC}") = "Drones", "Drones\Drones.csproj", "{081E61B0-8825-41F8-A20A-A6326B71C240}"
EndProject
Global
	GlobalSection(SolutionConfigurationPlatforms) = preSolution
		Debug|Any CPU = Debug|Any CPU
		Release|Any CPU = Release|Any CPU
	EndGlobalSection
	GlobalSection(ProjectConfigurationPlatforms) = postSolution
		{081E61B0-8825-41F8-A20A-A6326B71C240}.Debug|Any CPU.ActiveCfg = Debug|Any CPU
		{081E61B0-8825-41F8-A20A-A6326B71C240}.Debug|Any CPU.Build.0 = Debug|Any CPU
		{081E61B0-8825-41F8-A20A-A6326B71C240}.Release|Any CPU.ActiveCfg = Release|Any CPU
		{081E61B0-8825-41F8-A20A-A6326B71C240}.Release|Any CPU.Build.0 = Release|Any CPU
	EndGlobalSection
	GlobalSection(SolutionProperties) = preSolution
		HideSolutionNode = FALSE
	EndGlobalSection
	GlobalSection(ExtensibilityGlobals) = postSolution
		SolutionGuid = {7E925BB6-5187-489C-80CC-7C22CF3F8F16}
	EndGlobalSection
EndGlobal
