
Microsoft Visual Studio Solution File, Format Version 12.00
# Visual Studio Version 16
VisualStudioVersion = 16.0.29728.190
MinimumVisualStudioVersion = 10.0.40219.1
Project("{FAE04EC0-301F-11D3-BF4B-00C04F79EFBC}") = "Guild", "Guild\Guild.csproj", "{F99CBF38-FF75-4CF5-9808-A67FEB4DC470}"
EndProject
Global
	GlobalSection(SolutionConfigurationPlatforms) = preSolution
		Debug|Any CPU = Debug|Any CPU
		Release|Any CPU = Release|Any CPU
	EndGlobalSection
	GlobalSection(ProjectConfigurationPlatforms) = postSolution
		{F99CBF38-FF75-4CF5-9808-A67FEB4DC470}.Debug|Any CPU.ActiveCfg = Debug|Any CPU
		{F99CBF38-FF75-4CF5-9808-A67FEB4DC470}.Debug|Any CPU.Build.0 = Debug|Any CPU
		{F99CBF38-FF75-4CF5-9808-A67FEB4DC470}.Release|Any CPU.ActiveCfg = Release|Any CPU
		{F99CBF38-FF75-4CF5-9808-A67FEB4DC470}.Release|Any CPU.Build.0 = Release|Any CPU
	EndGlobalSection
	GlobalSection(SolutionProperties) = preSolution
		HideSolutionNode = FALSE
	EndGlobalSection
	GlobalSection(ExtensibilityGlobals) = postSolution
		SolutionGuid = {D0EE3C3B-837A-4344-B884-D1002941122E}
	EndGlobalSection
EndGlobal
