
Microsoft Visual Studio Solution File, Format Version 12.00
# Visual Studio Version 17
VisualStudioVersion = 17.1.32421.90
MinimumVisualStudioVersion = 10.0.40219.1
Project("{FAE04EC0-301F-11D3-BF4B-00C04F79EFBC}") = "ClassroomProject", "ClassroomProject\ClassroomProject.csproj", "{F4D42B20-B694-4A40-812B-F3C9B5C38056}"
EndProject
Global
	GlobalSection(SolutionConfigurationPlatforms) = preSolution
		Debug|Any CPU = Debug|Any CPU
		Release|Any CPU = Release|Any CPU
	EndGlobalSection
	GlobalSection(ProjectConfigurationPlatforms) = postSolution
		{F4D42B20-B694-4A40-812B-F3C9B5C38056}.Debug|Any CPU.ActiveCfg = Debug|Any CPU
		{F4D42B20-B694-4A40-812B-F3C9B5C38056}.Debug|Any CPU.Build.0 = Debug|Any CPU
		{F4D42B20-B694-4A40-812B-F3C9B5C38056}.Release|Any CPU.ActiveCfg = Release|Any CPU
		{F4D42B20-B694-4A40-812B-F3C9B5C38056}.Release|Any CPU.Build.0 = Release|Any CPU
	EndGlobalSection
	GlobalSection(SolutionProperties) = preSolution
		HideSolutionNode = FALSE
	EndGlobalSection
	GlobalSection(ExtensibilityGlobals) = postSolution
		SolutionGuid = {154BA52C-71B6-49E1-AC3F-79098D6D8925}
	EndGlobalSection
EndGlobal
