
Microsoft Visual Studio Solution File, Format Version 12.00
# Visual Studio Version 17
VisualStudioVersion = 17.1.32421.90
MinimumVisualStudioVersion = 10.0.40219.1
Project("{9A19103F-16F7-4668-BE54-9A1E7A4F7556}") = "Basketball", "Basketball.csproj", "{E45D90E7-E38E-48B3-B180-B3F18EA172DC}"
EndProject
Global
	GlobalSection(SolutionConfigurationPlatforms) = preSolution
		Debug|Any CPU = Debug|Any CPU
		Release|Any CPU = Release|Any CPU
	EndGlobalSection
	GlobalSection(ProjectConfigurationPlatforms) = postSolution
		{E45D90E7-E38E-48B3-B180-B3F18EA172DC}.Debug|Any CPU.ActiveCfg = Debug|Any CPU
		{E45D90E7-E38E-48B3-B180-B3F18EA172DC}.Debug|Any CPU.Build.0 = Debug|Any CPU
		{E45D90E7-E38E-48B3-B180-B3F18EA172DC}.Release|Any CPU.ActiveCfg = Release|Any CPU
		{E45D90E7-E38E-48B3-B180-B3F18EA172DC}.Release|Any CPU.Build.0 = Release|Any CPU
	EndGlobalSection
	GlobalSection(SolutionProperties) = preSolution
		HideSolutionNode = FALSE
	EndGlobalSection
	GlobalSection(ExtensibilityGlobals) = postSolution
		SolutionGuid = {7D468958-8435-4F42-8426-A6993AD055E3}
	EndGlobalSection
EndGlobal
