
Microsoft Visual Studio Solution File, Format Version 12.00
# Visual Studio Version 17
VisualStudioVersion = 17.4.33205.214
MinimumVisualStudioVersion = 10.0.40219.1
Project("{FAE04EC0-301F-11D3-BF4B-00C04F79EFBC}") = "Artillery", "Artillery\Artillery.csproj", "{A01CDA47-D81E-45CF-87F9-02E2A7E41FF5}"
EndProject
Global
	GlobalSection(SolutionConfigurationPlatforms) = preSolution
		Debug|Any CPU = Debug|Any CPU
		Release|Any CPU = Release|Any CPU
	EndGlobalSection
	GlobalSection(ProjectConfigurationPlatforms) = postSolution
		{A01CDA47-D81E-45CF-87F9-02E2A7E41FF5}.Debug|Any CPU.ActiveCfg = Debug|Any CPU
		{A01CDA47-D81E-45CF-87F9-02E2A7E41FF5}.Debug|Any CPU.Build.0 = Debug|Any CPU
		{A01CDA47-D81E-45CF-87F9-02E2A7E41FF5}.Release|Any CPU.ActiveCfg = Release|Any CPU
		{A01CDA47-D81E-45CF-87F9-02E2A7E41FF5}.Release|Any CPU.Build.0 = Release|Any CPU
	EndGlobalSection
	GlobalSection(SolutionProperties) = preSolution
		HideSolutionNode = FALSE
	EndGlobalSection
	GlobalSection(ExtensibilityGlobals) = postSolution
		SolutionGuid = {21133DE3-1911-47BA-A8C4-48D9AE16BCCB}
	EndGlobalSection
EndGlobal
